// !$*UTF8*$!
{
	archiveVersion = 1;
	classes = {
	};
	objectVersion = 56;
	objects = {

/* Begin PBXBuildFile section */
		B41725412A5340B3003C09BB /* AppDelegate.swift in Sources */ = {isa = PBXBuildFile; fileRef = B41725402A5340B3003C09BB /* AppDelegate.swift */; };
		B41725432A5340B3003C09BB /* SceneDelegate.swift in Sources */ = {isa = PBXBuildFile; fileRef = B41725422A5340B3003C09BB /* SceneDelegate.swift */; };
		B41725452A5340B3003C09BB /* ViewController.swift in Sources */ = {isa = PBXBuildFile; fileRef = B41725442A5340B3003C09BB /* ViewController.swift */; };
		B41725482A5340B3003C09BB /* Main.storyboard in Resources */ = {isa = PBXBuildFile; fileRef = B41725462A5340B3003C09BB /* Main.storyboard */; };
		B417254A2A5340B6003C09BB /* Assets.xcassets in Resources */ = {isa = PBXBuildFile; fileRef = B41725492A5340B6003C09BB /* Assets.xcassets */; };
		B417254D2A5340B6003C09BB /* LaunchScreen.storyboard in Resources */ = {isa = PBXBuildFile; fileRef = B417254B2A5340B6003C09BB /* LaunchScreen.storyboard */; };
		B41725552A534465003C09BB /* Learn.storyboard in Resources */ = {isa = PBXBuildFile; fileRef = B41725542A534465003C09BB /* Learn.storyboard */; };
		B41725572A53446F003C09BB /* Play.storyboard in Resources */ = {isa = PBXBuildFile; fileRef = B41725562A53446F003C09BB /* Play.storyboard */; };
		B41725592A534754003C09BB /* Map.storyboard in Resources */ = {isa = PBXBuildFile; fileRef = B41725582A534754003C09BB /* Map.storyboard */; };
		B41725602A534A39003C09BB /* LearnVC.swift in Sources */ = {isa = PBXBuildFile; fileRef = B417255F2A534A39003C09BB /* LearnVC.swift */; };
		B41725622A534A50003C09BB /* PlayVC.swift in Sources */ = {isa = PBXBuildFile; fileRef = B41725612A534A50003C09BB /* PlayVC.swift */; };
		B41725642A534A59003C09BB /* MapVC.swift in Sources */ = {isa = PBXBuildFile; fileRef = B41725632A534A59003C09BB /* MapVC.swift */; };
		B41725662A534B89003C09BB /* CountryTVC.swift in Sources */ = {isa = PBXBuildFile; fileRef = B41725652A534B89003C09BB /* CountryTVC.swift */; };
		B438A91A2A5DA0FC00CD32D1 /* DataCleaning.swift in Sources */ = {isa = PBXBuildFile; fileRef = B438A9192A5DA0FC00CD32D1 /* DataCleaning.swift */; };
		B438A91D2A5DA19800CD32D1 /* Country.swift in Sources */ = {isa = PBXBuildFile; fileRef = B438A91C2A5DA19800CD32D1 /* Country.swift */; };
		B438A91F2A5DB14800CD32D1 /* Array.swift in Sources */ = {isa = PBXBuildFile; fileRef = B438A91E2A5DB14800CD32D1 /* Array.swift */; };
		B438A9212A5DDD1300CD32D1 /* Loading.storyboard in Resources */ = {isa = PBXBuildFile; fileRef = B438A9202A5DDD1300CD32D1 /* Loading.storyboard */; };
		B438A9232A5DDD3100CD32D1 /* LoadingVC.swift in Sources */ = {isa = PBXBuildFile; fileRef = B438A9222A5DDD3100CD32D1 /* LoadingVC.swift */; };
		B438A9272A5DEB7D00CD32D1 /* CustomProgressBar.swift in Sources */ = {isa = PBXBuildFile; fileRef = B438A9262A5DEB7D00CD32D1 /* CustomProgressBar.swift */; };
		B438A92A2A5E05AD00CD32D1 /* CountryDetailVC.swift in Sources */ = {isa = PBXBuildFile; fileRef = B438A9292A5E05AD00CD32D1 /* CountryDetailVC.swift */; };
		B438A92C2A5E05BE00CD32D1 /* CountryDetail.storyboard in Resources */ = {isa = PBXBuildFile; fileRef = B438A92B2A5E05BE00CD32D1 /* CountryDetail.storyboard */; };
		B438A92E2A5E122300CD32D1 /* CustomSortButton.swift in Sources */ = {isa = PBXBuildFile; fileRef = B438A92D2A5E122300CD32D1 /* CustomSortButton.swift */; };
		B438A9302A5E171500CD32D1 /* SortCVC.swift in Sources */ = {isa = PBXBuildFile; fileRef = B438A92F2A5E171500CD32D1 /* SortCVC.swift */; };
		B438A9352A5EFB2200CD32D1 /* UIButton.swift in Sources */ = {isa = PBXBuildFile; fileRef = B438A9342A5EFB2200CD32D1 /* UIButton.swift */; };
		B438A9382A5F0AD100CD32D1 /* GameSectionTVC.swift in Sources */ = {isa = PBXBuildFile; fileRef = B438A9372A5F0AD100CD32D1 /* GameSectionTVC.swift */; };
		B438A93A2A5F0D5800CD32D1 /* GameTVC.swift in Sources */ = {isa = PBXBuildFile; fileRef = B438A9392A5F0D5800CD32D1 /* GameTVC.swift */; };
		B438A93D2A5F41C600CD32D1 /* GameDetailVC.swift in Sources */ = {isa = PBXBuildFile; fileRef = B438A93C2A5F41C600CD32D1 /* GameDetailVC.swift */; };
		B438A93F2A5F41D900CD32D1 /* GameDetail.storyboard in Resources */ = {isa = PBXBuildFile; fileRef = B438A93E2A5F41D900CD32D1 /* GameDetail.storyboard */; };
		B438A9412A5F428200CD32D1 /* Game.swift in Sources */ = {isa = PBXBuildFile; fileRef = B438A9402A5F428200CD32D1 /* Game.swift */; };
		B438A9432A5F42B300CD32D1 /* Level.swift in Sources */ = {isa = PBXBuildFile; fileRef = B438A9422A5F42B300CD32D1 /* Level.swift */; };
		B438A9462A60324C00CD32D1 /* ClickFlagNameVC.swift in Sources */ = {isa = PBXBuildFile; fileRef = B438A9452A60324C00CD32D1 /* ClickFlagNameVC.swift */; };
		B438A9482A60328200CD32D1 /* ClickFlagCapitalVC.swift in Sources */ = {isa = PBXBuildFile; fileRef = B438A9472A60328200CD32D1 /* ClickFlagCapitalVC.swift */; };
		B438A94A2A60338C00CD32D1 /* ClickFlagName.storyboard in Resources */ = {isa = PBXBuildFile; fileRef = B438A9492A60338C00CD32D1 /* ClickFlagName.storyboard */; };
		B438A94C2A60339800CD32D1 /* ClickFlagCapital.storyboard in Resources */ = {isa = PBXBuildFile; fileRef = B438A94B2A60339800CD32D1 /* ClickFlagCapital.storyboard */; };
		B438A94E2A61AD9200CD32D1 /* UILabel.swift in Sources */ = {isa = PBXBuildFile; fileRef = B438A94D2A61AD9200CD32D1 /* UILabel.swift */; };
		B438A9502A61D17900CD32D1 /* String.swift in Sources */ = {isa = PBXBuildFile; fileRef = B438A94F2A61D17900CD32D1 /* String.swift */; };
		B438A9522A61D24500CD32D1 /* LoadingLabel.swift in Sources */ = {isa = PBXBuildFile; fileRef = B438A9512A61D24500CD32D1 /* LoadingLabel.swift */; };
		B438A9542A61F0C600CD32D1 /* UIView.swift in Sources */ = {isa = PBXBuildFile; fileRef = B438A9532A61F0C600CD32D1 /* UIView.swift */; };
		B459FBC02A72F9910021EA42 /* Int.swift in Sources */ = {isa = PBXBuildFile; fileRef = B459FBBF2A72F9910021EA42 /* Int.swift */; };
		B4E520582A63133E00CF4428 /* UIImageView.swift in Sources */ = {isa = PBXBuildFile; fileRef = B4E520572A63133E00CF4428 /* UIImageView.swift */; };
		B4E5205A2A63172E00CF4428 /* TabBarButton.swift in Sources */ = {isa = PBXBuildFile; fileRef = B4E520592A63172E00CF4428 /* TabBarButton.swift */; };
		B4E5205C2A6339AB00CF4428 /* UIViewController.swift in Sources */ = {isa = PBXBuildFile; fileRef = B4E5205B2A6339AB00CF4428 /* UIViewController.swift */; };
		B4E5205E2A633E5800CF4428 /* CustomContainerView.swift in Sources */ = {isa = PBXBuildFile; fileRef = B4E5205D2A633E5800CF4428 /* CustomContainerView.swift */; };
		B4E520612A6343FA00CF4428 /* Test.storyboard in Resources */ = {isa = PBXBuildFile; fileRef = B4E520602A6343FA00CF4428 /* Test.storyboard */; };
		B4E520632A63446800CF4428 /* TestVC.swift in Sources */ = {isa = PBXBuildFile; fileRef = B4E520622A63446800CF4428 /* TestVC.swift */; };
		B4E520652A63448300CF4428 /* PageOne.storyboard in Resources */ = {isa = PBXBuildFile; fileRef = B4E520642A63448300CF4428 /* PageOne.storyboard */; };
		B4E520672A63448B00CF4428 /* PageTwo.storyboard in Resources */ = {isa = PBXBuildFile; fileRef = B4E520662A63448B00CF4428 /* PageTwo.storyboard */; };
		B4E520692A6344F300CF4428 /* ContainerTest.swift in Sources */ = {isa = PBXBuildFile; fileRef = B4E520682A6344F300CF4428 /* ContainerTest.swift */; };
/* End PBXBuildFile section */

/* Begin PBXFileReference section */
		B417253D2A5340B2003C09BB /* geographi.app */ = {isa = PBXFileReference; explicitFileType = wrapper.application; includeInIndex = 0; path = geographi.app; sourceTree = BUILT_PRODUCTS_DIR; };
		B41725402A5340B3003C09BB /* AppDelegate.swift */ = {isa = PBXFileReference; lastKnownFileType = sourcecode.swift; path = AppDelegate.swift; sourceTree = "<group>"; };
		B41725422A5340B3003C09BB /* SceneDelegate.swift */ = {isa = PBXFileReference; lastKnownFileType = sourcecode.swift; path = SceneDelegate.swift; sourceTree = "<group>"; };
		B41725442A5340B3003C09BB /* ViewController.swift */ = {isa = PBXFileReference; lastKnownFileType = sourcecode.swift; path = ViewController.swift; sourceTree = "<group>"; };
		B41725472A5340B3003C09BB /* Base */ = {isa = PBXFileReference; lastKnownFileType = file.storyboard; name = Base; path = Base.lproj/Main.storyboard; sourceTree = "<group>"; };
		B41725492A5340B6003C09BB /* Assets.xcassets */ = {isa = PBXFileReference; lastKnownFileType = folder.assetcatalog; path = Assets.xcassets; sourceTree = "<group>"; };
		B417254C2A5340B6003C09BB /* Base */ = {isa = PBXFileReference; lastKnownFileType = file.storyboard; name = Base; path = Base.lproj/LaunchScreen.storyboard; sourceTree = "<group>"; };
		B417254E2A5340B6003C09BB /* Info.plist */ = {isa = PBXFileReference; lastKnownFileType = text.plist.xml; path = Info.plist; sourceTree = "<group>"; };
		B41725542A534465003C09BB /* Learn.storyboard */ = {isa = PBXFileReference; lastKnownFileType = file.storyboard; path = Learn.storyboard; sourceTree = "<group>"; };
		B41725562A53446F003C09BB /* Play.storyboard */ = {isa = PBXFileReference; lastKnownFileType = file.storyboard; path = Play.storyboard; sourceTree = "<group>"; };
		B41725582A534754003C09BB /* Map.storyboard */ = {isa = PBXFileReference; lastKnownFileType = file.storyboard; path = Map.storyboard; sourceTree = "<group>"; };
		B417255F2A534A39003C09BB /* LearnVC.swift */ = {isa = PBXFileReference; lastKnownFileType = sourcecode.swift; path = LearnVC.swift; sourceTree = "<group>"; };
		B41725612A534A50003C09BB /* PlayVC.swift */ = {isa = PBXFileReference; lastKnownFileType = sourcecode.swift; path = PlayVC.swift; sourceTree = "<group>"; };
		B41725632A534A59003C09BB /* MapVC.swift */ = {isa = PBXFileReference; lastKnownFileType = sourcecode.swift; path = MapVC.swift; sourceTree = "<group>"; };
		B41725652A534B89003C09BB /* CountryTVC.swift */ = {isa = PBXFileReference; lastKnownFileType = sourcecode.swift; path = CountryTVC.swift; sourceTree = "<group>"; };
		B438A9192A5DA0FC00CD32D1 /* DataCleaning.swift */ = {isa = PBXFileReference; lastKnownFileType = sourcecode.swift; path = DataCleaning.swift; sourceTree = "<group>"; };
		B438A91C2A5DA19800CD32D1 /* Country.swift */ = {isa = PBXFileReference; lastKnownFileType = sourcecode.swift; path = Country.swift; sourceTree = "<group>"; };
		B438A91E2A5DB14800CD32D1 /* Array.swift */ = {isa = PBXFileReference; lastKnownFileType = sourcecode.swift; path = Array.swift; sourceTree = "<group>"; };
		B438A9202A5DDD1300CD32D1 /* Loading.storyboard */ = {isa = PBXFileReference; lastKnownFileType = file.storyboard; path = Loading.storyboard; sourceTree = "<group>"; };
		B438A9222A5DDD3100CD32D1 /* LoadingVC.swift */ = {isa = PBXFileReference; lastKnownFileType = sourcecode.swift; path = LoadingVC.swift; sourceTree = "<group>"; };
		B438A9262A5DEB7D00CD32D1 /* CustomProgressBar.swift */ = {isa = PBXFileReference; lastKnownFileType = sourcecode.swift; path = CustomProgressBar.swift; sourceTree = "<group>"; };
		B438A9292A5E05AD00CD32D1 /* CountryDetailVC.swift */ = {isa = PBXFileReference; lastKnownFileType = sourcecode.swift; path = CountryDetailVC.swift; sourceTree = "<group>"; };
		B438A92B2A5E05BE00CD32D1 /* CountryDetail.storyboard */ = {isa = PBXFileReference; lastKnownFileType = file.storyboard; path = CountryDetail.storyboard; sourceTree = "<group>"; };
		B438A92D2A5E122300CD32D1 /* CustomSortButton.swift */ = {isa = PBXFileReference; lastKnownFileType = sourcecode.swift; path = CustomSortButton.swift; sourceTree = "<group>"; };
		B438A92F2A5E171500CD32D1 /* SortCVC.swift */ = {isa = PBXFileReference; lastKnownFileType = sourcecode.swift; path = SortCVC.swift; sourceTree = "<group>"; };
		B438A9342A5EFB2200CD32D1 /* UIButton.swift */ = {isa = PBXFileReference; lastKnownFileType = sourcecode.swift; path = UIButton.swift; sourceTree = "<group>"; };
		B438A9372A5F0AD100CD32D1 /* GameSectionTVC.swift */ = {isa = PBXFileReference; lastKnownFileType = sourcecode.swift; path = GameSectionTVC.swift; sourceTree = "<group>"; };
		B438A9392A5F0D5800CD32D1 /* GameTVC.swift */ = {isa = PBXFileReference; lastKnownFileType = sourcecode.swift; path = GameTVC.swift; sourceTree = "<group>"; };
		B438A93C2A5F41C600CD32D1 /* GameDetailVC.swift */ = {isa = PBXFileReference; lastKnownFileType = sourcecode.swift; path = GameDetailVC.swift; sourceTree = "<group>"; };
		B438A93E2A5F41D900CD32D1 /* GameDetail.storyboard */ = {isa = PBXFileReference; lastKnownFileType = file.storyboard; path = GameDetail.storyboard; sourceTree = "<group>"; };
		B438A9402A5F428200CD32D1 /* Game.swift */ = {isa = PBXFileReference; lastKnownFileType = sourcecode.swift; path = Game.swift; sourceTree = "<group>"; };
		B438A9422A5F42B300CD32D1 /* Level.swift */ = {isa = PBXFileReference; lastKnownFileType = sourcecode.swift; path = Level.swift; sourceTree = "<group>"; };
		B438A9452A60324C00CD32D1 /* ClickFlagNameVC.swift */ = {isa = PBXFileReference; lastKnownFileType = sourcecode.swift; path = ClickFlagNameVC.swift; sourceTree = "<group>"; };
		B438A9472A60328200CD32D1 /* ClickFlagCapitalVC.swift */ = {isa = PBXFileReference; lastKnownFileType = sourcecode.swift; path = ClickFlagCapitalVC.swift; sourceTree = "<group>"; };
		B438A9492A60338C00CD32D1 /* ClickFlagName.storyboard */ = {isa = PBXFileReference; lastKnownFileType = file.storyboard; path = ClickFlagName.storyboard; sourceTree = "<group>"; };
		B438A94B2A60339800CD32D1 /* ClickFlagCapital.storyboard */ = {isa = PBXFileReference; lastKnownFileType = file.storyboard; path = ClickFlagCapital.storyboard; sourceTree = "<group>"; };
		B438A94D2A61AD9200CD32D1 /* UILabel.swift */ = {isa = PBXFileReference; lastKnownFileType = sourcecode.swift; path = UILabel.swift; sourceTree = "<group>"; };
		B438A94F2A61D17900CD32D1 /* String.swift */ = {isa = PBXFileReference; lastKnownFileType = sourcecode.swift; path = String.swift; sourceTree = "<group>"; };
		B438A9512A61D24500CD32D1 /* LoadingLabel.swift */ = {isa = PBXFileReference; lastKnownFileType = sourcecode.swift; path = LoadingLabel.swift; sourceTree = "<group>"; };
		B438A9532A61F0C600CD32D1 /* UIView.swift */ = {isa = PBXFileReference; lastKnownFileType = sourcecode.swift; path = UIView.swift; sourceTree = "<group>"; };
		B459FBBF2A72F9910021EA42 /* Int.swift */ = {isa = PBXFileReference; lastKnownFileType = sourcecode.swift; path = Int.swift; sourceTree = "<group>"; };
		B4E520572A63133E00CF4428 /* UIImageView.swift */ = {isa = PBXFileReference; lastKnownFileType = sourcecode.swift; path = UIImageView.swift; sourceTree = "<group>"; };
		B4E520592A63172E00CF4428 /* TabBarButton.swift */ = {isa = PBXFileReference; lastKnownFileType = sourcecode.swift; path = TabBarButton.swift; sourceTree = "<group>"; };
		B4E5205B2A6339AB00CF4428 /* UIViewController.swift */ = {isa = PBXFileReference; lastKnownFileType = sourcecode.swift; path = UIViewController.swift; sourceTree = "<group>"; };
		B4E5205D2A633E5800CF4428 /* CustomContainerView.swift */ = {isa = PBXFileReference; lastKnownFileType = sourcecode.swift; path = CustomContainerView.swift; sourceTree = "<group>"; };
		B4E520602A6343FA00CF4428 /* Test.storyboard */ = {isa = PBXFileReference; lastKnownFileType = file.storyboard; path = Test.storyboard; sourceTree = "<group>"; };
		B4E520622A63446800CF4428 /* TestVC.swift */ = {isa = PBXFileReference; lastKnownFileType = sourcecode.swift; path = TestVC.swift; sourceTree = "<group>"; };
		B4E520642A63448300CF4428 /* PageOne.storyboard */ = {isa = PBXFileReference; lastKnownFileType = file.storyboard; path = PageOne.storyboard; sourceTree = "<group>"; };
		B4E520662A63448B00CF4428 /* PageTwo.storyboard */ = {isa = PBXFileReference; lastKnownFileType = file.storyboard; path = PageTwo.storyboard; sourceTree = "<group>"; };
		B4E520682A6344F300CF4428 /* ContainerTest.swift */ = {isa = PBXFileReference; lastKnownFileType = sourcecode.swift; path = ContainerTest.swift; sourceTree = "<group>"; };
/* End PBXFileReference section */

/* Begin PBXFrameworksBuildPhase section */
		B417253A2A5340B2003C09BB /* Frameworks */ = {
			isa = PBXFrameworksBuildPhase;
			buildActionMask = 2147483647;
			files = (
			);
			runOnlyForDeploymentPostprocessing = 0;
		};
/* End PBXFrameworksBuildPhase section */

/* Begin PBXGroup section */
		B41725342A5340B2003C09BB = {
			isa = PBXGroup;
			children = (
				B417253F2A5340B2003C09BB /* geographi */,
				B417253E2A5340B2003C09BB /* Products */,
			);
			sourceTree = "<group>";
		};
		B417253E2A5340B2003C09BB /* Products */ = {
			isa = PBXGroup;
			children = (
				B417253D2A5340B2003C09BB /* geographi.app */,
			);
			name = Products;
			sourceTree = "<group>";
		};
		B417253F2A5340B2003C09BB /* geographi */ = {
			isa = PBXGroup;
			children = (
				B4E5205F2A6343EB00CF4428 /* Test */,
				B417255A2A5349F8003C09BB /* Main */,
				B41725402A5340B3003C09BB /* AppDelegate.swift */,
				B41725422A5340B3003C09BB /* SceneDelegate.swift */,
				B41725442A5340B3003C09BB /* ViewController.swift */,
				B41725462A5340B3003C09BB /* Main.storyboard */,
				B41725492A5340B6003C09BB /* Assets.xcassets */,
				B417254B2A5340B6003C09BB /* LaunchScreen.storyboard */,
				B417254E2A5340B6003C09BB /* Info.plist */,
			);
			path = geographi;
			sourceTree = "<group>";
		};
		B417255A2A5349F8003C09BB /* Main */ = {
			isa = PBXGroup;
			children = (
				B438A9252A5DEB6100CD32D1 /* CustomUI */,
				B438A91B2A5DA17800CD32D1 /* Models */,
				B438A9182A5DA0EB00CD32D1 /* Extensions */,
				B417255B2A534A02003C09BB /* Views */,
			);
			path = Main;
			sourceTree = "<group>";
		};
		B417255B2A534A02003C09BB /* Views */ = {
			isa = PBXGroup;
			children = (
				B438A93B2A5F419F00CD32D1 /* GameDetail */,
				B438A9282A5E03E900CD32D1 /* CountryDetail */,
				B438A9242A5DDDE500CD32D1 /* Loading */,
				B417255E2A534A1B003C09BB /* Map */,
				B417255D2A534A14003C09BB /* Play */,
				B417255C2A534A09003C09BB /* Learn */,
			);
			path = Views;
			sourceTree = "<group>";
		};
		B417255C2A534A09003C09BB /* Learn */ = {
			isa = PBXGroup;
			children = (
				B41725542A534465003C09BB /* Learn.storyboard */,
				B417255F2A534A39003C09BB /* LearnVC.swift */,
				B438A9312A5E177700CD32D1 /* Models */,
			);
			path = Learn;
			sourceTree = "<group>";
		};
		B417255D2A534A14003C09BB /* Play */ = {
			isa = PBXGroup;
			children = (
				B438A9362A5F0AB100CD32D1 /* Models */,
				B41725562A53446F003C09BB /* Play.storyboard */,
				B41725612A534A50003C09BB /* PlayVC.swift */,
			);
			path = Play;
			sourceTree = "<group>";
		};
		B417255E2A534A1B003C09BB /* Map */ = {
			isa = PBXGroup;
			children = (
				B41725582A534754003C09BB /* Map.storyboard */,
				B41725632A534A59003C09BB /* MapVC.swift */,
			);
			path = Map;
			sourceTree = "<group>";
		};
		B438A9182A5DA0EB00CD32D1 /* Extensions */ = {
			isa = PBXGroup;
			children = (
				B438A9192A5DA0FC00CD32D1 /* DataCleaning.swift */,
				B438A91E2A5DB14800CD32D1 /* Array.swift */,
				B438A9342A5EFB2200CD32D1 /* UIButton.swift */,
				B438A94D2A61AD9200CD32D1 /* UILabel.swift */,
				B438A94F2A61D17900CD32D1 /* String.swift */,
				B438A9532A61F0C600CD32D1 /* UIView.swift */,
				B4E520572A63133E00CF4428 /* UIImageView.swift */,
				B4E5205B2A6339AB00CF4428 /* UIViewController.swift */,
				B459FBBF2A72F9910021EA42 /* Int.swift */,
			);
			path = Extensions;
			sourceTree = "<group>";
		};
		B438A91B2A5DA17800CD32D1 /* Models */ = {
			isa = PBXGroup;
			children = (
				B438A9442A6031F400CD32D1 /* GameControllers */,
				B438A91C2A5DA19800CD32D1 /* Country.swift */,
				B438A9402A5F428200CD32D1 /* Game.swift */,
				B438A9422A5F42B300CD32D1 /* Level.swift */,
			);
			path = Models;
			sourceTree = "<group>";
		};
		B438A9242A5DDDE500CD32D1 /* Loading */ = {
			isa = PBXGroup;
			children = (
				B438A9222A5DDD3100CD32D1 /* LoadingVC.swift */,
				B438A9202A5DDD1300CD32D1 /* Loading.storyboard */,
			);
			path = Loading;
			sourceTree = "<group>";
		};
		B438A9252A5DEB6100CD32D1 /* CustomUI */ = {
			isa = PBXGroup;
			children = (
				B438A9512A61D24500CD32D1 /* LoadingLabel.swift */,
				B438A9262A5DEB7D00CD32D1 /* CustomProgressBar.swift */,
				B438A92D2A5E122300CD32D1 /* CustomSortButton.swift */,
				B4E520592A63172E00CF4428 /* TabBarButton.swift */,
				B4E5205D2A633E5800CF4428 /* CustomContainerView.swift */,
			);
			path = CustomUI;
			sourceTree = "<group>";
		};
		B438A9282A5E03E900CD32D1 /* CountryDetail */ = {
			isa = PBXGroup;
			children = (
				B438A9292A5E05AD00CD32D1 /* CountryDetailVC.swift */,
				B438A92B2A5E05BE00CD32D1 /* CountryDetail.storyboard */,
			);
			path = CountryDetail;
			sourceTree = "<group>";
		};
		B438A9312A5E177700CD32D1 /* Models */ = {
			isa = PBXGroup;
			children = (
				B41725652A534B89003C09BB /* CountryTVC.swift */,
				B438A92F2A5E171500CD32D1 /* SortCVC.swift */,
			);
			path = Models;
			sourceTree = "<group>";
		};
		B438A9362A5F0AB100CD32D1 /* Models */ = {
			isa = PBXGroup;
			children = (
				B438A9372A5F0AD100CD32D1 /* GameSectionTVC.swift */,
				B438A9392A5F0D5800CD32D1 /* GameTVC.swift */,
			);
			path = Models;
			sourceTree = "<group>";
		};
		B438A93B2A5F419F00CD32D1 /* GameDetail */ = {
			isa = PBXGroup;
			children = (
				B438A93C2A5F41C600CD32D1 /* GameDetailVC.swift */,
				B438A93E2A5F41D900CD32D1 /* GameDetail.storyboard */,
			);
			path = GameDetail;
			sourceTree = "<group>";
		};
		B438A9442A6031F400CD32D1 /* GameControllers */ = {
			isa = PBXGroup;
			children = (
				B438A9452A60324C00CD32D1 /* ClickFlagNameVC.swift */,
				B438A9492A60338C00CD32D1 /* ClickFlagName.storyboard */,
				B438A9472A60328200CD32D1 /* ClickFlagCapitalVC.swift */,
				B438A94B2A60339800CD32D1 /* ClickFlagCapital.storyboard */,
			);
			path = GameControllers;
			sourceTree = "<group>";
		};
		B4E5205F2A6343EB00CF4428 /* Test */ = {
			isa = PBXGroup;
			children = (
				B4E520622A63446800CF4428 /* TestVC.swift */,
				B4E520602A6343FA00CF4428 /* Test.storyboard */,
				B4E520682A6344F300CF4428 /* ContainerTest.swift */,
				B4E520642A63448300CF4428 /* PageOne.storyboard */,
				B4E520662A63448B00CF4428 /* PageTwo.storyboard */,
			);
			path = Test;
			sourceTree = "<group>";
		};
/* End PBXGroup section */

/* Begin PBXNativeTarget section */
		B417253C2A5340B2003C09BB /* geographi */ = {
			isa = PBXNativeTarget;
			buildConfigurationList = B41725512A5340B6003C09BB /* Build configuration list for PBXNativeTarget "geographi" */;
			buildPhases = (
				B41725392A5340B2003C09BB /* Sources */,
				B417253A2A5340B2003C09BB /* Frameworks */,
				B417253B2A5340B2003C09BB /* Resources */,
			);
			buildRules = (
			);
			dependencies = (
			);
			name = geographi;
			productName = geographi;
			productReference = B417253D2A5340B2003C09BB /* geographi.app */;
			productType = "com.apple.product-type.application";
		};
/* End PBXNativeTarget section */

/* Begin PBXProject section */
		B41725352A5340B2003C09BB /* Project object */ = {
			isa = PBXProject;
			attributes = {
				BuildIndependentTargetsInParallel = 1;
				LastSwiftUpdateCheck = 1430;
				LastUpgradeCheck = 1430;
				TargetAttributes = {
					B417253C2A5340B2003C09BB = {
						CreatedOnToolsVersion = 14.3.1;
					};
				};
			};
			buildConfigurationList = B41725382A5340B2003C09BB /* Build configuration list for PBXProject "geographi" */;
			compatibilityVersion = "Xcode 14.0";
			developmentRegion = en;
			hasScannedForEncodings = 0;
			knownRegions = (
				en,
				Base,
			);
			mainGroup = B41725342A5340B2003C09BB;
			productRefGroup = B417253E2A5340B2003C09BB /* Products */;
			projectDirPath = "";
			projectRoot = "";
			targets = (
				B417253C2A5340B2003C09BB /* geographi */,
			);
		};
/* End PBXProject section */

/* Begin PBXResourcesBuildPhase section */
		B417253B2A5340B2003C09BB /* Resources */ = {
			isa = PBXResourcesBuildPhase;
			buildActionMask = 2147483647;
			files = (
				B417254D2A5340B6003C09BB /* LaunchScreen.storyboard in Resources */,
				B41725552A534465003C09BB /* Learn.storyboard in Resources */,
				B4E520672A63448B00CF4428 /* PageTwo.storyboard in Resources */,
				B417254A2A5340B6003C09BB /* Assets.xcassets in Resources */,
				B438A94C2A60339800CD32D1 /* ClickFlagCapital.storyboard in Resources */,
				B438A9212A5DDD1300CD32D1 /* Loading.storyboard in Resources */,
				B41725482A5340B3003C09BB /* Main.storyboard in Resources */,
				B4E520612A6343FA00CF4428 /* Test.storyboard in Resources */,
				B41725572A53446F003C09BB /* Play.storyboard in Resources */,
				B438A94A2A60338C00CD32D1 /* ClickFlagName.storyboard in Resources */,
				B438A92C2A5E05BE00CD32D1 /* CountryDetail.storyboard in Resources */,
				B41725592A534754003C09BB /* Map.storyboard in Resources */,
				B4E520652A63448300CF4428 /* PageOne.storyboard in Resources */,
				B438A93F2A5F41D900CD32D1 /* GameDetail.storyboard in Resources */,
			);
			runOnlyForDeploymentPostprocessing = 0;
		};
/* End PBXResourcesBuildPhase section */

/* Begin PBXSourcesBuildPhase section */
		B41725392A5340B2003C09BB /* Sources */ = {
			isa = PBXSourcesBuildPhase;
			buildActionMask = 2147483647;
			files = (
				B4E520632A63446800CF4428 /* TestVC.swift in Sources */,
				B41725452A5340B3003C09BB /* ViewController.swift in Sources */,
				B438A91F2A5DB14800CD32D1 /* Array.swift in Sources */,
				B438A91D2A5DA19800CD32D1 /* Country.swift in Sources */,
				B438A9482A60328200CD32D1 /* ClickFlagCapitalVC.swift in Sources */,
				B438A93A2A5F0D5800CD32D1 /* GameTVC.swift in Sources */,
				B438A9352A5EFB2200CD32D1 /* UIButton.swift in Sources */,
				B41725642A534A59003C09BB /* MapVC.swift in Sources */,
				B438A9542A61F0C600CD32D1 /* UIView.swift in Sources */,
				B4E5205A2A63172E00CF4428 /* TabBarButton.swift in Sources */,
				B41725662A534B89003C09BB /* CountryTVC.swift in Sources */,
				B438A93D2A5F41C600CD32D1 /* GameDetailVC.swift in Sources */,
				B41725412A5340B3003C09BB /* AppDelegate.swift in Sources */,
				B41725622A534A50003C09BB /* PlayVC.swift in Sources */,
				B438A9272A5DEB7D00CD32D1 /* CustomProgressBar.swift in Sources */,
				B4E5205E2A633E5800CF4428 /* CustomContainerView.swift in Sources */,
				B4E5205C2A6339AB00CF4428 /* UIViewController.swift in Sources */,
				B438A9412A5F428200CD32D1 /* Game.swift in Sources */,
				B438A92E2A5E122300CD32D1 /* CustomSortButton.swift in Sources */,
				B41725432A5340B3003C09BB /* SceneDelegate.swift in Sources */,
				B4E520582A63133E00CF4428 /* UIImageView.swift in Sources */,
				B438A9462A60324C00CD32D1 /* ClickFlagNameVC.swift in Sources */,
				B438A92A2A5E05AD00CD32D1 /* CountryDetailVC.swift in Sources */,
				B459FBC02A72F9910021EA42 /* Int.swift in Sources */,
				B438A9502A61D17900CD32D1 /* String.swift in Sources */,
				B438A9432A5F42B300CD32D1 /* Level.swift in Sources */,
				B438A91A2A5DA0FC00CD32D1 /* DataCleaning.swift in Sources */,
				B438A9302A5E171500CD32D1 /* SortCVC.swift in Sources */,
				B438A9522A61D24500CD32D1 /* LoadingLabel.swift in Sources */,
				B41725602A534A39003C09BB /* LearnVC.swift in Sources */,
				B438A9382A5F0AD100CD32D1 /* GameSectionTVC.swift in Sources */,
				B438A94E2A61AD9200CD32D1 /* UILabel.swift in Sources */,
				B4E520692A6344F300CF4428 /* ContainerTest.swift in Sources */,
				B438A9232A5DDD3100CD32D1 /* LoadingVC.swift in Sources */,
			);
			runOnlyForDeploymentPostprocessing = 0;
		};
/* End PBXSourcesBuildPhase section */

/* Begin PBXVariantGroup section */
		B41725462A5340B3003C09BB /* Main.storyboard */ = {
			isa = PBXVariantGroup;
			children = (
				B41725472A5340B3003C09BB /* Base */,
			);
			name = Main.storyboard;
			sourceTree = "<group>";
		};
		B417254B2A5340B6003C09BB /* LaunchScreen.storyboard */ = {
			isa = PBXVariantGroup;
			children = (
				B417254C2A5340B6003C09BB /* Base */,
			);
			name = LaunchScreen.storyboard;
			sourceTree = "<group>";
		};
/* End PBXVariantGroup section */

/* Begin XCBuildConfiguration section */
		B417254F2A5340B6003C09BB /* Debug */ = {
			isa = XCBuildConfiguration;
			buildSettings = {
				ALWAYS_SEARCH_USER_PATHS = NO;
				CLANG_ANALYZER_NONNULL = YES;
				CLANG_ANALYZER_NUMBER_OBJECT_CONVERSION = YES_AGGRESSIVE;
				CLANG_CXX_LANGUAGE_STANDARD = "gnu++20";
				CLANG_ENABLE_MODULES = YES;
				CLANG_ENABLE_OBJC_ARC = YES;
				CLANG_ENABLE_OBJC_WEAK = YES;
				CLANG_WARN_BLOCK_CAPTURE_AUTORELEASING = YES;
				CLANG_WARN_BOOL_CONVERSION = YES;
				CLANG_WARN_COMMA = YES;
				CLANG_WARN_CONSTANT_CONVERSION = YES;
				CLANG_WARN_DEPRECATED_OBJC_IMPLEMENTATIONS = YES;
				CLANG_WARN_DIRECT_OBJC_ISA_USAGE = YES_ERROR;
				CLANG_WARN_DOCUMENTATION_COMMENTS = YES;
				CLANG_WARN_EMPTY_BODY = YES;
				CLANG_WARN_ENUM_CONVERSION = YES;
				CLANG_WARN_INFINITE_RECURSION = YES;
				CLANG_WARN_INT_CONVERSION = YES;
				CLANG_WARN_NON_LITERAL_NULL_CONVERSION = YES;
				CLANG_WARN_OBJC_IMPLICIT_RETAIN_SELF = YES;
				CLANG_WARN_OBJC_LITERAL_CONVERSION = YES;
				CLANG_WARN_OBJC_ROOT_CLASS = YES_ERROR;
				CLANG_WARN_QUOTED_INCLUDE_IN_FRAMEWORK_HEADER = YES;
				CLANG_WARN_RANGE_LOOP_ANALYSIS = YES;
				CLANG_WARN_STRICT_PROTOTYPES = YES;
				CLANG_WARN_SUSPICIOUS_MOVE = YES;
				CLANG_WARN_UNGUARDED_AVAILABILITY = YES_AGGRESSIVE;
				CLANG_WARN_UNREACHABLE_CODE = YES;
				CLANG_WARN__DUPLICATE_METHOD_MATCH = YES;
				COPY_PHASE_STRIP = NO;
				DEBUG_INFORMATION_FORMAT = dwarf;
				ENABLE_STRICT_OBJC_MSGSEND = YES;
				ENABLE_TESTABILITY = YES;
				GCC_C_LANGUAGE_STANDARD = gnu11;
				GCC_DYNAMIC_NO_PIC = NO;
				GCC_NO_COMMON_BLOCKS = YES;
				GCC_OPTIMIZATION_LEVEL = 0;
				GCC_PREPROCESSOR_DEFINITIONS = (
					"DEBUG=1",
					"$(inherited)",
				);
				GCC_WARN_64_TO_32_BIT_CONVERSION = YES;
				GCC_WARN_ABOUT_RETURN_TYPE = YES_ERROR;
				GCC_WARN_UNDECLARED_SELECTOR = YES;
				GCC_WARN_UNINITIALIZED_AUTOS = YES_AGGRESSIVE;
				GCC_WARN_UNUSED_FUNCTION = YES;
				GCC_WARN_UNUSED_VARIABLE = YES;
				IPHONEOS_DEPLOYMENT_TARGET = 16.4;
				MTL_ENABLE_DEBUG_INFO = INCLUDE_SOURCE;
				MTL_FAST_MATH = YES;
				ONLY_ACTIVE_ARCH = YES;
				SDKROOT = iphoneos;
				SWIFT_ACTIVE_COMPILATION_CONDITIONS = DEBUG;
				SWIFT_OPTIMIZATION_LEVEL = "-Onone";
			};
			name = Debug;
		};
		B41725502A5340B6003C09BB /* Release */ = {
			isa = XCBuildConfiguration;
			buildSettings = {
				ALWAYS_SEARCH_USER_PATHS = NO;
				CLANG_ANALYZER_NONNULL = YES;
				CLANG_ANALYZER_NUMBER_OBJECT_CONVERSION = YES_AGGRESSIVE;
				CLANG_CXX_LANGUAGE_STANDARD = "gnu++20";
				CLANG_ENABLE_MODULES = YES;
				CLANG_ENABLE_OBJC_ARC = YES;
				CLANG_ENABLE_OBJC_WEAK = YES;
				CLANG_WARN_BLOCK_CAPTURE_AUTORELEASING = YES;
				CLANG_WARN_BOOL_CONVERSION = YES;
				CLANG_WARN_COMMA = YES;
				CLANG_WARN_CONSTANT_CONVERSION = YES;
				CLANG_WARN_DEPRECATED_OBJC_IMPLEMENTATIONS = YES;
				CLANG_WARN_DIRECT_OBJC_ISA_USAGE = YES_ERROR;
				CLANG_WARN_DOCUMENTATION_COMMENTS = YES;
				CLANG_WARN_EMPTY_BODY = YES;
				CLANG_WARN_ENUM_CONVERSION = YES;
				CLANG_WARN_INFINITE_RECURSION = YES;
				CLANG_WARN_INT_CONVERSION = YES;
				CLANG_WARN_NON_LITERAL_NULL_CONVERSION = YES;
				CLANG_WARN_OBJC_IMPLICIT_RETAIN_SELF = YES;
				CLANG_WARN_OBJC_LITERAL_CONVERSION = YES;
				CLANG_WARN_OBJC_ROOT_CLASS = YES_ERROR;
				CLANG_WARN_QUOTED_INCLUDE_IN_FRAMEWORK_HEADER = YES;
				CLANG_WARN_RANGE_LOOP_ANALYSIS = YES;
				CLANG_WARN_STRICT_PROTOTYPES = YES;
				CLANG_WARN_SUSPICIOUS_MOVE = YES;
				CLANG_WARN_UNGUARDED_AVAILABILITY = YES_AGGRESSIVE;
				CLANG_WARN_UNREACHABLE_CODE = YES;
				CLANG_WARN__DUPLICATE_METHOD_MATCH = YES;
				COPY_PHASE_STRIP = NO;
				DEBUG_INFORMATION_FORMAT = "dwarf-with-dsym";
				ENABLE_NS_ASSERTIONS = NO;
				ENABLE_STRICT_OBJC_MSGSEND = YES;
				GCC_C_LANGUAGE_STANDARD = gnu11;
				GCC_NO_COMMON_BLOCKS = YES;
				GCC_WARN_64_TO_32_BIT_CONVERSION = YES;
				GCC_WARN_ABOUT_RETURN_TYPE = YES_ERROR;
				GCC_WARN_UNDECLARED_SELECTOR = YES;
				GCC_WARN_UNINITIALIZED_AUTOS = YES_AGGRESSIVE;
				GCC_WARN_UNUSED_FUNCTION = YES;
				GCC_WARN_UNUSED_VARIABLE = YES;
				IPHONEOS_DEPLOYMENT_TARGET = 16.4;
				MTL_ENABLE_DEBUG_INFO = NO;
				MTL_FAST_MATH = YES;
				SDKROOT = iphoneos;
				SWIFT_COMPILATION_MODE = wholemodule;
				SWIFT_OPTIMIZATION_LEVEL = "-O";
				VALIDATE_PRODUCT = YES;
			};
			name = Release;
		};
		B41725522A5340B6003C09BB /* Debug */ = {
			isa = XCBuildConfiguration;
			buildSettings = {
				ASSETCATALOG_COMPILER_APPICON_NAME = AppIcon;
				ASSETCATALOG_COMPILER_GLOBAL_ACCENT_COLOR_NAME = AccentColor;
				CODE_SIGN_STYLE = Automatic;
				CURRENT_PROJECT_VERSION = 1;
				DEVELOPMENT_TEAM = 3SAK2H9499;
				GENERATE_INFOPLIST_FILE = YES;
				INFOPLIST_FILE = geographi/Info.plist;
				INFOPLIST_KEY_UIApplicationSupportsIndirectInputEvents = YES;
				INFOPLIST_KEY_UILaunchStoryboardName = LaunchScreen;
				INFOPLIST_KEY_UIMainStoryboardFile = Main;
				INFOPLIST_KEY_UISupportedInterfaceOrientations_iPad = "UIInterfaceOrientationPortrait UIInterfaceOrientationPortraitUpsideDown UIInterfaceOrientationLandscapeLeft UIInterfaceOrientationLandscapeRight";
				INFOPLIST_KEY_UISupportedInterfaceOrientations_iPhone = "UIInterfaceOrientationPortrait UIInterfaceOrientationLandscapeLeft UIInterfaceOrientationLandscapeRight";
				LD_RUNPATH_SEARCH_PATHS = (
					"$(inherited)",
					"@executable_path/Frameworks",
				);
				MARKETING_VERSION = 1.0;
				PRODUCT_BUNDLE_IDENTIFIER = com.tommybartocci.geographi;
				PRODUCT_NAME = "$(TARGET_NAME)";
				SWIFT_EMIT_LOC_STRINGS = YES;
				SWIFT_VERSION = 5.0;
				TARGETED_DEVICE_FAMILY = "1,2";
			};
			name = Debug;
		};
		B41725532A5340B6003C09BB /* Release */ = {
			isa = XCBuildConfiguration;
			buildSettings = {
				ASSETCATALOG_COMPILER_APPICON_NAME = AppIcon;
				ASSETCATALOG_COMPILER_GLOBAL_ACCENT_COLOR_NAME = AccentColor;
				CODE_SIGN_STYLE = Automatic;
				CURRENT_PROJECT_VERSION = 1;
				DEVELOPMENT_TEAM = 3SAK2H9499;
				GENERATE_INFOPLIST_FILE = YES;
				INFOPLIST_FILE = geographi/Info.plist;
				INFOPLIST_KEY_UIApplicationSupportsIndirectInputEvents = YES;
				INFOPLIST_KEY_UILaunchStoryboardName = LaunchScreen;
				INFOPLIST_KEY_UIMainStoryboardFile = Main;
				INFOPLIST_KEY_UISupportedInterfaceOrientations_iPad = "UIInterfaceOrientationPortrait UIInterfaceOrientationPortraitUpsideDown UIInterfaceOrientationLandscapeLeft UIInterfaceOrientationLandscapeRight";
				INFOPLIST_KEY_UISupportedInterfaceOrientations_iPhone = "UIInterfaceOrientationPortrait UIInterfaceOrientationLandscapeLeft UIInterfaceOrientationLandscapeRight";
				LD_RUNPATH_SEARCH_PATHS = (
					"$(inherited)",
					"@executable_path/Frameworks",
				);
				MARKETING_VERSION = 1.0;
				PRODUCT_BUNDLE_IDENTIFIER = com.tommybartocci.geographi;
				PRODUCT_NAME = "$(TARGET_NAME)";
				SWIFT_EMIT_LOC_STRINGS = YES;
				SWIFT_VERSION = 5.0;
				TARGETED_DEVICE_FAMILY = "1,2";
			};
			name = Release;
		};
/* End XCBuildConfiguration section */

/* Begin XCConfigurationList section */
		B41725382A5340B2003C09BB /* Build configuration list for PBXProject "geographi" */ = {
			isa = XCConfigurationList;
			buildConfigurations = (
				B417254F2A5340B6003C09BB /* Debug */,
				B41725502A5340B6003C09BB /* Release */,
			);
			defaultConfigurationIsVisible = 0;
			defaultConfigurationName = Release;
		};
		B41725512A5340B6003C09BB /* Build configuration list for PBXNativeTarget "geographi" */ = {
			isa = XCConfigurationList;
			buildConfigurations = (
				B41725522A5340B6003C09BB /* Debug */,
				B41725532A5340B6003C09BB /* Release */,
			);
			defaultConfigurationIsVisible = 0;
			defaultConfigurationName = Release;
		};
/* End XCConfigurationList section */
	};
	rootObject = B41725352A5340B2003C09BB /* Project object */;
}
